
Microsoft Visual Studio Solution File, Format Version 12.00
# Visual Studio 15
VisualStudioVersion = 15.0.28307.645
MinimumVisualStudioVersion = 10.0.40219.1
Project("{9A19103F-16F7-4668-BE54-9A1E7A4F7556}") = "frontend", "frontend\frontend.csproj", "{D0A0BDB2-FE6B-4D21-B883-B5E276C3E741}"
EndProject
Global
	GlobalSection(SolutionConfigurationPlatforms) = preSolution
		Debug|Any CPU = Debug|Any CPU
		Release|Any CPU = Release|Any CPU
	EndGlobalSection
	GlobalSection(ProjectConfigurationPlatforms) = postSolution
		{D0A0BDB2-FE6B-4D21-B883-B5E276C3E741}.Debug|Any CPU.ActiveCfg = Debug|Any CPU
		{D0A0BDB2-FE6B-4D21-B883-B5E276C3E741}.Debug|Any CPU.Build.0 = Debug|Any CPU
		{D0A0BDB2-FE6B-4D21-B883-B5E276C3E741}.Release|Any CPU.ActiveCfg = Release|Any CPU
		{D0A0BDB2-FE6B-4D21-B883-B5E276C3E741}.Release|Any CPU.Build.0 = Release|Any CPU
	EndGlobalSection
	GlobalSection(SolutionProperties) = preSolution
		HideSolutionNode = FALSE
	EndGlobalSection
	GlobalSection(ExtensibilityGlobals) = postSolution
		SolutionGuid = {F7553430-B0FF-4C61-B513-5DB6CA8B6F7B}
	EndGlobalSection
EndGlobal
